
Microsoft Visual Studio Solution File, Format Version 12.00
Project("{FAE04EC0-301F-11D3-BF4B-00C04F79EFBC}") = "MailAPI", "MailAPI\MailAPI.csproj", "{BA774107-6C3A-4B8F-844A-5D8F52C2849E}"
EndProject
Global
	GlobalSection(SolutionConfigurationPlatforms) = preSolution
		Debug|Any CPU = Debug|Any CPU
		Release|Any CPU = Release|Any CPU
	EndGlobalSection
	GlobalSection(ProjectConfigurationPlatforms) = postSolution
		{BA774107-6C3A-4B8F-844A-5D8F52C2849E}.Debug|Any CPU.ActiveCfg = Debug|Any CPU
		{BA774107-6C3A-4B8F-844A-5D8F52C2849E}.Debug|Any CPU.Build.0 = Debug|Any CPU
		{BA774107-6C3A-4B8F-844A-5D8F52C2849E}.Release|Any CPU.ActiveCfg = Release|Any CPU
		{BA774107-6C3A-4B8F-844A-5D8F52C2849E}.Release|Any CPU.Build.0 = Release|Any CPU
	EndGlobalSection
EndGlobal
